
Microsoft Visual Studio Solution File, Format Version 12.00
# Visual Studio Version 17
VisualStudioVersion = 17.3.32804.467
MinimumVisualStudioVersion = 10.0.40219.1
Project("{FAE04EC0-301F-11D3-BF4B-00C04F79EFBC}") = "SolovovStroy", "SolovovStroy.csproj", "{1B6E4B25-FA51-484A-9848-4A4A65B371BC}"
EndProject
Project("{FAE04EC0-301F-11D3-BF4B-00C04F79EFBC}") = "UnitTest", "..\UnitTest\UnitTest.csproj", "{271FF96E-ECBF-4831-A54A-4B7143F4B350}"
EndProject
Global
	GlobalSection(SolutionConfigurationPlatforms) = preSolution
		Debug|Any CPU = Debug|Any CPU
		Release|Any CPU = Release|Any CPU
	EndGlobalSection
	GlobalSection(ProjectConfigurationPlatforms) = postSolution
		{1B6E4B25-FA51-484A-9848-4A4A65B371BC}.Debug|Any CPU.ActiveCfg = Debug|Any CPU
		{1B6E4B25-FA51-484A-9848-4A4A65B371BC}.Debug|Any CPU.Build.0 = Debug|Any CPU
		{1B6E4B25-FA51-484A-9848-4A4A65B371BC}.Release|Any CPU.ActiveCfg = Release|Any CPU
		{1B6E4B25-FA51-484A-9848-4A4A65B371BC}.Release|Any CPU.Build.0 = Release|Any CPU
		{271FF96E-ECBF-4831-A54A-4B7143F4B350}.Debug|Any CPU.ActiveCfg = Debug|Any CPU
		{271FF96E-ECBF-4831-A54A-4B7143F4B350}.Debug|Any CPU.Build.0 = Debug|Any CPU
		{271FF96E-ECBF-4831-A54A-4B7143F4B350}.Release|Any CPU.ActiveCfg = Release|Any CPU
		{271FF96E-ECBF-4831-A54A-4B7143F4B350}.Release|Any CPU.Build.0 = Release|Any CPU
	EndGlobalSection
	GlobalSection(SolutionProperties) = preSolution
		HideSolutionNode = FALSE
	EndGlobalSection
	GlobalSection(ExtensibilityGlobals) = postSolution
		SolutionGuid = {925EDA73-4AB2-4B3A-AE6C-9E659F8D34AD}
	EndGlobalSection
EndGlobal
